// !$*UTF8*$!
{
	archiveVersion = 1;
	classes = {
	};
	objectVersion = 46;
	objects = {

/* Begin PBXBuildFile section */
		3C11CB521C69B2A9004E5BDA /* Assets.xcassets in Resources */ = {isa = PBXBuildFile; fileRef = 3C11CB511C69B2A9004E5BDA /* Assets.xcassets */; };
		3C11CB601C69B2A9004E5BDA /* _____Tests.m in Sources */ = {isa = PBXBuildFile; fileRef = 3C11CB5F1C69B2A9004E5BDA /* _____Tests.m */; };
		3C11CB6B1C69B2A9004E5BDA /* _____UITests.m in Sources */ = {isa = PBXBuildFile; fileRef = 3C11CB6A1C69B2A9004E5BDA /* _____UITests.m */; };
		3C6AD5081C6B04E900E56697 /* GZYEssenceViewController.m in Sources */ = {isa = PBXBuildFile; fileRef = 3C6AD4E31C6B04E900E56697 /* GZYEssenceViewController.m */; };
		3C6AD5091C6B04E900E56697 /* GZYFriendTrendsViewController.m in Sources */ = {isa = PBXBuildFile; fileRef = 3C6AD4E91C6B04E900E56697 /* GZYFriendTrendsViewController.m */; };
		3C6AD50A1C6B04E900E56697 /* GZYMeViewController.m in Sources */ = {isa = PBXBuildFile; fileRef = 3C6AD4EF1C6B04E900E56697 /* GZYMeViewController.m */; };
		3C6AD50B1C6B04E900E56697 /* GZYNewViewController.m in Sources */ = {isa = PBXBuildFile; fileRef = 3C6AD4F51C6B04E900E56697 /* GZYNewViewController.m */; };
		3C6AD50C1C6B04E900E56697 /* AppDelegate.m in Sources */ = {isa = PBXBuildFile; fileRef = 3C6AD4FA1C6B04E900E56697 /* AppDelegate.m */; };
		3C6AD50D1C6B04E900E56697 /* UIBarButtonItem+GZYExtension.m in Sources */ = {isa = PBXBuildFile; fileRef = 3C6AD4FD1C6B04E900E56697 /* UIBarButtonItem+GZYExtension.m */; };
		3C6AD50E1C6B04E900E56697 /* UIView+GZYExtension.m in Sources */ = {isa = PBXBuildFile; fileRef = 3C6AD4FF1C6B04E900E56697 /* UIView+GZYExtension.m */; };
		3C6AD50F1C6B04E900E56697 /* GZYTabBarController.m in Sources */ = {isa = PBXBuildFile; fileRef = 3C6AD5021C6B04E900E56697 /* GZYTabBarController.m */; };
		3C6AD5101C6B04E900E56697 /* main.m in Sources */ = {isa = PBXBuildFile; fileRef = 3C6AD5031C6B04E900E56697 /* main.m */; };
		3C6AD5111C6B04E900E56697 /* GZYTabBar.m in Sources */ = {isa = PBXBuildFile; fileRef = 3C6AD5071C6B04E900E56697 /* GZYTabBar.m */; };
/* End PBXBuildFile section */

/* Begin PBXContainerItemProxy section */
		3C11CB5C1C69B2A9004E5BDA /* PBXContainerItemProxy */ = {
			isa = PBXContainerItemProxy;
			containerPortal = 3C11CB3A1C69B2A9004E5BDA /* Project object */;
			proxyType = 1;
			remoteGlobalIDString = 3C11CB411C69B2A9004E5BDA;
			remoteInfo = "山寨百思姐";
		};
		3C11CB671C69B2A9004E5BDA /* PBXContainerItemProxy */ = {
			isa = PBXContainerItemProxy;
			containerPortal = 3C11CB3A1C69B2A9004E5BDA /* Project object */;
			proxyType = 1;
			remoteGlobalIDString = 3C11CB411C69B2A9004E5BDA;
			remoteInfo = "山寨百思姐";
		};
/* End PBXContainerItemProxy section */

/* Begin PBXFileReference section */
		3C11CB421C69B2A9004E5BDA /* 山寨百思姐.app */ = {isa = PBXFileReference; explicitFileType = wrapper.application; includeInIndex = 0; path = "山寨百思姐.app"; sourceTree = BUILT_PRODUCTS_DIR; };
		3C11CB511C69B2A9004E5BDA /* Assets.xcassets */ = {isa = PBXFileReference; lastKnownFileType = folder.assetcatalog; path = Assets.xcassets; sourceTree = "<group>"; };
		3C11CB561C69B2A9004E5BDA /* Info.plist */ = {isa = PBXFileReference; lastKnownFileType = text.plist.xml; path = Info.plist; sourceTree = "<group>"; };
		3C11CB5B1C69B2A9004E5BDA /* 山寨百思姐Tests.xctest */ = {isa = PBXFileReference; explicitFileType = wrapper.cfbundle; includeInIndex = 0; path = "山寨百思姐Tests.xctest"; sourceTree = BUILT_PRODUCTS_DIR; };
		3C11CB5F1C69B2A9004E5BDA /* _____Tests.m */ = {isa = PBXFileReference; lastKnownFileType = sourcecode.c.objc; path = "_____Tests.m"; sourceTree = "<group>"; };
		3C11CB611C69B2A9004E5BDA /* Info.plist */ = {isa = PBXFileReference; lastKnownFileType = text.plist.xml; path = Info.plist; sourceTree = "<group>"; };
		3C11CB661C69B2A9004E5BDA /* 山寨百思姐UITests.xctest */ = {isa = PBXFileReference; explicitFileType = wrapper.cfbundle; includeInIndex = 0; path = "山寨百思姐UITests.xctest"; sourceTree = BUILT_PRODUCTS_DIR; };
		3C11CB6A1C69B2A9004E5BDA /* _____UITests.m */ = {isa = PBXFileReference; lastKnownFileType = sourcecode.c.objc; path = "_____UITests.m"; sourceTree = "<group>"; };
		3C11CB6C1C69B2A9004E5BDA /* Info.plist */ = {isa = PBXFileReference; lastKnownFileType = text.plist.xml; path = Info.plist; sourceTree = "<group>"; };
		3C6AD4E21C6B04E900E56697 /* GZYEssenceViewController.h */ = {isa = PBXFileReference; fileEncoding = 4; lastKnownFileType = sourcecode.c.h; path = GZYEssenceViewController.h; sourceTree = "<group>"; };
		3C6AD4E31C6B04E900E56697 /* GZYEssenceViewController.m */ = {isa = PBXFileReference; fileEncoding = 4; lastKnownFileType = sourcecode.c.objc; path = GZYEssenceViewController.m; sourceTree = "<group>"; };
		3C6AD4E81C6B04E900E56697 /* GZYFriendTrendsViewController.h */ = {isa = PBXFileReference; fileEncoding = 4; lastKnownFileType = sourcecode.c.h; path = GZYFriendTrendsViewController.h; sourceTree = "<group>"; };
		3C6AD4E91C6B04E900E56697 /* GZYFriendTrendsViewController.m */ = {isa = PBXFileReference; fileEncoding = 4; lastKnownFileType = sourcecode.c.objc; path = GZYFriendTrendsViewController.m; sourceTree = "<group>"; };
		3C6AD4EE1C6B04E900E56697 /* GZYMeViewController.h */ = {isa = PBXFileReference; fileEncoding = 4; lastKnownFileType = sourcecode.c.h; path = GZYMeViewController.h; sourceTree = "<group>"; };
		3C6AD4EF1C6B04E900E56697 /* GZYMeViewController.m */ = {isa = PBXFileReference; fileEncoding = 4; lastKnownFileType = sourcecode.c.objc; path = GZYMeViewController.m; sourceTree = "<group>"; };
		3C6AD4F41C6B04E900E56697 /* GZYNewViewController.h */ = {isa = PBXFileReference; fileEncoding = 4; lastKnownFileType = sourcecode.c.h; path = GZYNewViewController.h; sourceTree = "<group>"; };
		3C6AD4F51C6B04E900E56697 /* GZYNewViewController.m */ = {isa = PBXFileReference; fileEncoding = 4; lastKnownFileType = sourcecode.c.objc; path = GZYNewViewController.m; sourceTree = "<group>"; };
		3C6AD4F91C6B04E900E56697 /* AppDelegate.h */ = {isa = PBXFileReference; fileEncoding = 4; lastKnownFileType = sourcecode.c.h; path = AppDelegate.h; sourceTree = "<group>"; };
		3C6AD4FA1C6B04E900E56697 /* AppDelegate.m */ = {isa = PBXFileReference; fileEncoding = 4; lastKnownFileType = sourcecode.c.objc; path = AppDelegate.m; sourceTree = "<group>"; };
		3C6AD4FC1C6B04E900E56697 /* UIBarButtonItem+GZYExtension.h */ = {isa = PBXFileReference; fileEncoding = 4; lastKnownFileType = sourcecode.c.h; path = "UIBarButtonItem+GZYExtension.h"; sourceTree = "<group>"; };
		3C6AD4FD1C6B04E900E56697 /* UIBarButtonItem+GZYExtension.m */ = {isa = PBXFileReference; fileEncoding = 4; lastKnownFileType = sourcecode.c.objc; path = "UIBarButtonItem+GZYExtension.m"; sourceTree = "<group>"; };
		3C6AD4FE1C6B04E900E56697 /* UIView+GZYExtension.h */ = {isa = PBXFileReference; fileEncoding = 4; lastKnownFileType = sourcecode.c.h; path = "UIView+GZYExtension.h"; sourceTree = "<group>"; };
		3C6AD4FF1C6B04E900E56697 /* UIView+GZYExtension.m */ = {isa = PBXFileReference; fileEncoding = 4; lastKnownFileType = sourcecode.c.objc; path = "UIView+GZYExtension.m"; sourceTree = "<group>"; };
		3C6AD5011C6B04E900E56697 /* GZYTabBarController.h */ = {isa = PBXFileReference; fileEncoding = 4; lastKnownFileType = sourcecode.c.h; path = GZYTabBarController.h; sourceTree = "<group>"; };
		3C6AD5021C6B04E900E56697 /* GZYTabBarController.m */ = {isa = PBXFileReference; fileEncoding = 4; lastKnownFileType = sourcecode.c.objc; path = GZYTabBarController.m; sourceTree = "<group>"; };
		3C6AD5031C6B04E900E56697 /* main.m */ = {isa = PBXFileReference; fileEncoding = 4; lastKnownFileType = sourcecode.c.objc; path = main.m; sourceTree = "<group>"; };
		3C6AD5041C6B04E900E56697 /* PrefixHeader.pch */ = {isa = PBXFileReference; fileEncoding = 4; lastKnownFileType = sourcecode.c.h; path = PrefixHeader.pch; sourceTree = "<group>"; };
		3C6AD5061C6B04E900E56697 /* GZYTabBar.h */ = {isa = PBXFileReference; fileEncoding = 4; lastKnownFileType = sourcecode.c.h; path = GZYTabBar.h; sourceTree = "<group>"; };
		3C6AD5071C6B04E900E56697 /* GZYTabBar.m */ = {isa = PBXFileReference; fileEncoding = 4; lastKnownFileType = sourcecode.c.objc; path = GZYTabBar.m; sourceTree = "<group>"; };
/* End PBXFileReference section */

/* Begin PBXFrameworksBuildPhase section */
		3C11CB3F1C69B2A9004E5BDA /* Frameworks */ = {
			isa = PBXFrameworksBuildPhase;
			buildActionMask = 2147483647;
			files = (
			);
			runOnlyForDeploymentPostprocessing = 0;
		};
		3C11CB581C69B2A9004E5BDA /* Frameworks */ = {
			isa = PBXFrameworksBuildPhase;
			buildActionMask = 2147483647;
			files = (
			);
			runOnlyForDeploymentPostprocessing = 0;
		};
		3C11CB631C69B2A9004E5BDA /* Frameworks */ = {
			isa = PBXFrameworksBuildPhase;
			buildActionMask = 2147483647;
			files = (
			);
			runOnlyForDeploymentPostprocessing = 0;
		};
/* End PBXFrameworksBuildPhase section */

/* Begin PBXGroup section */
		3C11CB391C69B2A9004E5BDA = {
			isa = PBXGroup;
			children = (
				3C11CB441C69B2A9004E5BDA /* 山寨百思姐 */,
				3C11CB5E1C69B2A9004E5BDA /* 山寨百思姐Tests */,
				3C11CB691C69B2A9004E5BDA /* 山寨百思姐UITests */,
				3C11CB431C69B2A9004E5BDA /* Products */,
			);
			sourceTree = "<group>";
		};
		3C11CB431C69B2A9004E5BDA /* Products */ = {
			isa = PBXGroup;
			children = (
				3C11CB421C69B2A9004E5BDA /* 山寨百思姐.app */,
				3C11CB5B1C69B2A9004E5BDA /* 山寨百思姐Tests.xctest */,
				3C11CB661C69B2A9004E5BDA /* 山寨百思姐UITests.xctest */,
			);
			name = Products;
			sourceTree = "<group>";
		};
		3C11CB441C69B2A9004E5BDA /* 山寨百思姐 */ = {
			isa = PBXGroup;
			children = (
				3C6AD4DF1C6B04E900E56697 /* Classes */,
				3C11CB451C69B2A9004E5BDA /* Supporting Files */,
			);
			path = "山寨百思姐";
			sourceTree = "<group>";
		};
		3C11CB451C69B2A9004E5BDA /* Supporting Files */ = {
			isa = PBXGroup;
			children = (
				3C11CB511C69B2A9004E5BDA /* Assets.xcassets */,
				3C11CB561C69B2A9004E5BDA /* Info.plist */,
			);
			name = "Supporting Files";
			sourceTree = "<group>";
		};
		3C11CB5E1C69B2A9004E5BDA /* 山寨百思姐Tests */ = {
			isa = PBXGroup;
			children = (
				3C11CB5F1C69B2A9004E5BDA /* _____Tests.m */,
				3C11CB611C69B2A9004E5BDA /* Info.plist */,
			);
			path = "山寨百思姐Tests";
			sourceTree = "<group>";
		};
		3C11CB691C69B2A9004E5BDA /* 山寨百思姐UITests */ = {
			isa = PBXGroup;
			children = (
				3C11CB6A1C69B2A9004E5BDA /* _____UITests.m */,
				3C11CB6C1C69B2A9004E5BDA /* Info.plist */,
			);
			path = "山寨百思姐UITests";
			sourceTree = "<group>";
		};
		3C6AD4DF1C6B04E900E56697 /* Classes */ = {
			isa = PBXGroup;
			children = (
				3C6AD4E01C6B04E900E56697 /* Essence */,
				3C6AD4E61C6B04E900E56697 /* FriendTrends */,
				3C6AD4EC1C6B04E900E56697 /* Me */,
				3C6AD4F21C6B04E900E56697 /* New */,
				3C6AD4F81C6B04E900E56697 /* Other */,
			);
			path = Classes;
			sourceTree = "<group>";
		};
		3C6AD4E01C6B04E900E56697 /* Essence */ = {
			isa = PBXGroup;
			children = (
				3C6AD4E11C6B04E900E56697 /* Controller */,
				3C6AD4E41C6B04E900E56697 /* Model */,
				3C6AD4E51C6B04E900E56697 /* View */,
			);
			path = Essence;
			sourceTree = "<group>";
		};
		3C6AD4E11C6B04E900E56697 /* Controller */ = {
			isa = PBXGroup;
			children = (
				3C6AD4E21C6B04E900E56697 /* GZYEssenceViewController.h */,
				3C6AD4E31C6B04E900E56697 /* GZYEssenceViewController.m */,
			);
			path = Controller;
			sourceTree = "<group>";
		};
		3C6AD4E41C6B04E900E56697 /* Model */ = {
			isa = PBXGroup;
			children = (
			);
			path = Model;
			sourceTree = "<group>";
		};
		3C6AD4E51C6B04E900E56697 /* View */ = {
			isa = PBXGroup;
			children = (
			);
			path = View;
			sourceTree = "<group>";
		};
		3C6AD4E61C6B04E900E56697 /* FriendTrends */ = {
			isa = PBXGroup;
			children = (
				3C6AD4E71C6B04E900E56697 /* Controller */,
				3C6AD4EA1C6B04E900E56697 /* Model */,
				3C6AD4EB1C6B04E900E56697 /* View */,
			);
			path = FriendTrends;
			sourceTree = "<group>";
		};
		3C6AD4E71C6B04E900E56697 /* Controller */ = {
			isa = PBXGroup;
			children = (
				3C6AD4E81C6B04E900E56697 /* GZYFriendTrendsViewController.h */,
				3C6AD4E91C6B04E900E56697 /* GZYFriendTrendsViewController.m */,
			);
			path = Controller;
			sourceTree = "<group>";
		};
		3C6AD4EA1C6B04E900E56697 /* Model */ = {
			isa = PBXGroup;
			children = (
			);
			path = Model;
			sourceTree = "<group>";
		};
		3C6AD4EB1C6B04E900E56697 /* View */ = {
			isa = PBXGroup;
			children = (
			);
			path = View;
			sourceTree = "<group>";
		};
		3C6AD4EC1C6B04E900E56697 /* Me */ = {
			isa = PBXGroup;
			children = (
				3C6AD4ED1C6B04E900E56697 /* Controller */,
				3C6AD4F01C6B04E900E56697 /* Model */,
				3C6AD4F11C6B04E900E56697 /* View */,
			);
			path = Me;
			sourceTree = "<group>";
		};
		3C6AD4ED1C6B04E900E56697 /* Controller */ = {
			isa = PBXGroup;
			children = (
				3C6AD4EE1C6B04E900E56697 /* GZYMeViewController.h */,
				3C6AD4EF1C6B04E900E56697 /* GZYMeViewController.m */,
			);
			path = Controller;
			sourceTree = "<group>";
		};
		3C6AD4F01C6B04E900E56697 /* Model */ = {
			isa = PBXGroup;
			children = (
			);
			path = Model;
			sourceTree = "<group>";
		};
		3C6AD4F11C6B04E900E56697 /* View */ = {
			isa = PBXGroup;
			children = (
			);
			path = View;
			sourceTree = "<group>";
		};
		3C6AD4F21C6B04E900E56697 /* New */ = {
			isa = PBXGroup;
			children = (
				3C6AD4F31C6B04E900E56697 /* Controller */,
				3C6AD4F61C6B04E900E56697 /* Model */,
				3C6AD4F71C6B04E900E56697 /* View */,
			);
			path = New;
			sourceTree = "<group>";
		};
		3C6AD4F31C6B04E900E56697 /* Controller */ = {
			isa = PBXGroup;
			children = (
				3C6AD4F41C6B04E900E56697 /* GZYNewViewController.h */,
				3C6AD4F51C6B04E900E56697 /* GZYNewViewController.m */,
			);
			path = Controller;
			sourceTree = "<group>";
		};
		3C6AD4F61C6B04E900E56697 /* Model */ = {
			isa = PBXGroup;
			children = (
			);
			path = Model;
			sourceTree = "<group>";
		};
		3C6AD4F71C6B04E900E56697 /* View */ = {
			isa = PBXGroup;
			children = (
			);
			path = View;
			sourceTree = "<group>";
		};
		3C6AD4F81C6B04E900E56697 /* Other */ = {
			isa = PBXGroup;
			children = (
				3C6AD5001C6B04E900E56697 /* Controller */,
				3C6AD5051C6B04E900E56697 /* View */,
				3C6AD4FB1C6B04E900E56697 /* Category */,
				3C6AD4F91C6B04E900E56697 /* AppDelegate.h */,
				3C6AD4FA1C6B04E900E56697 /* AppDelegate.m */,
				3C6AD5031C6B04E900E56697 /* main.m */,
				3C6AD5041C6B04E900E56697 /* PrefixHeader.pch */,
			);
			path = Other;
			sourceTree = "<group>";
		};
		3C6AD4FB1C6B04E900E56697 /* Category */ = {
			isa = PBXGroup;
			children = (
				3C6AD4FC1C6B04E900E56697 /* UIBarButtonItem+GZYExtension.h */,
				3C6AD4FD1C6B04E900E56697 /* UIBarButtonItem+GZYExtension.m */,
				3C6AD4FE1C6B04E900E56697 /* UIView+GZYExtension.h */,
				3C6AD4FF1C6B04E900E56697 /* UIView+GZYExtension.m */,
			);
			path = Category;
			sourceTree = "<group>";
		};
		3C6AD5001C6B04E900E56697 /* Controller */ = {
			isa = PBXGroup;
			children = (
				3C6AD5011C6B04E900E56697 /* GZYTabBarController.h */,
				3C6AD5021C6B04E900E56697 /* GZYTabBarController.m */,
			);
			path = Controller;
			sourceTree = "<group>";
		};
		3C6AD5051C6B04E900E56697 /* View */ = {
			isa = PBXGroup;
			children = (
				3C6AD5061C6B04E900E56697 /* GZYTabBar.h */,
				3C6AD5071C6B04E900E56697 /* GZYTabBar.m */,
			);
			path = View;
			sourceTree = "<group>";
		};
/* End PBXGroup section */

/* Begin PBXNativeTarget section */
		3C11CB411C69B2A9004E5BDA /* 山寨百思姐 */ = {
			isa = PBXNativeTarget;
			buildConfigurationList = 3C11CB6F1C69B2A9004E5BDA /* Build configuration list for PBXNativeTarget "山寨百思姐" */;
			buildPhases = (
				3C11CB3E1C69B2A9004E5BDA /* Sources */,
				3C11CB3F1C69B2A9004E5BDA /* Frameworks */,
				3C11CB401C69B2A9004E5BDA /* Resources */,
			);
			buildRules = (
			);
			dependencies = (
			);
			name = "山寨百思姐";
			productName = "山寨百思姐";
			productReference = 3C11CB421C69B2A9004E5BDA /* 山寨百思姐.app */;
			productType = "com.apple.product-type.application";
		};
		3C11CB5A1C69B2A9004E5BDA /* 山寨百思姐Tests */ = {
			isa = PBXNativeTarget;
			buildConfigurationList = 3C11CB721C69B2A9004E5BDA /* Build configuration list for PBXNativeTarget "山寨百思姐Tests" */;
			buildPhases = (
				3C11CB571C69B2A9004E5BDA /* Sources */,
				3C11CB581C69B2A9004E5BDA /* Frameworks */,
				3C11CB591C69B2A9004E5BDA /* Resources */,
			);
			buildRules = (
			);
			dependencies = (
				3C11CB5D1C69B2A9004E5BDA /* PBXTargetDependency */,
			);
			name = "山寨百思姐Tests";
			productName = "山寨百思姐Tests";
			productReference = 3C11CB5B1C69B2A9004E5BDA /* 山寨百思姐Tests.xctest */;
			productType = "com.apple.product-type.bundle.unit-test";
		};
		3C11CB651C69B2A9004E5BDA /* 山寨百思姐UITests */ = {
			isa = PBXNativeTarget;
			buildConfigurationList = 3C11CB751C69B2A9004E5BDA /* Build configuration list for PBXNativeTarget "山寨百思姐UITests" */;
			buildPhases = (
				3C11CB621C69B2A9004E5BDA /* Sources */,
				3C11CB631C69B2A9004E5BDA /* Frameworks */,
				3C11CB641C69B2A9004E5BDA /* Resources */,
			);
			buildRules = (
			);
			dependencies = (
				3C11CB681C69B2A9004E5BDA /* PBXTargetDependency */,
			);
			name = "山寨百思姐UITests";
			productName = "山寨百思姐UITests";
			productReference = 3C11CB661C69B2A9004E5BDA /* 山寨百思姐UITests.xctest */;
			productType = "com.apple.product-type.bundle.ui-testing";
		};
/* End PBXNativeTarget section */

/* Begin PBXProject section */
		3C11CB3A1C69B2A9004E5BDA /* Project object */ = {
			isa = PBXProject;
			attributes = {
				CLASSPREFIX = GZY;
				LastUpgradeCheck = 0720;
				ORGANIZATIONNAME = "高志宇";
				TargetAttributes = {
					3C11CB411C69B2A9004E5BDA = {
						CreatedOnToolsVersion = 7.2;
					};
					3C11CB5A1C69B2A9004E5BDA = {
						CreatedOnToolsVersion = 7.2;
						TestTargetID = 3C11CB411C69B2A9004E5BDA;
					};
					3C11CB651C69B2A9004E5BDA = {
						CreatedOnToolsVersion = 7.2;
						TestTargetID = 3C11CB411C69B2A9004E5BDA;
					};
				};
			};
			buildConfigurationList = 3C11CB3D1C69B2A9004E5BDA /* Build configuration list for PBXProject "山寨百思姐" */;
			compatibilityVersion = "Xcode 3.2";
			developmentRegion = English;
			hasScannedForEncodings = 0;
			knownRegions = (
				en,
				Base,
			);
			mainGroup = 3C11CB391C69B2A9004E5BDA;
			productRefGroup = 3C11CB431C69B2A9004E5BDA /* Products */;
			projectDirPath = "";
			projectRoot = "";
			targets = (
				3C11CB411C69B2A9004E5BDA /* 山寨百思姐 */,
				3C11CB5A1C69B2A9004E5BDA /* 山寨百思姐Tests */,
				3C11CB651C69B2A9004E5BDA /* 山寨百思姐UITests */,
			);
		};
/* End PBXProject section */

/* Begin PBXResourcesBuildPhase section */
		3C11CB401C69B2A9004E5BDA /* Resources */ = {
			isa = PBXResourcesBuildPhase;
			buildActionMask = 2147483647;
			files = (
				3C11CB521C69B2A9004E5BDA /* Assets.xcassets in Resources */,
			);
			runOnlyForDeploymentPostprocessing = 0;
		};
		3C11CB591C69B2A9004E5BDA /* Resources */ = {
			isa = PBXResourcesBuildPhase;
			buildActionMask = 2147483647;
			files = (
			);
			runOnlyForDeploymentPostprocessing = 0;
		};
		3C11CB641C69B2A9004E5BDA /* Resources */ = {
			isa = PBXResourcesBuildPhase;
			buildActionMask = 2147483647;
			files = (
			);
			runOnlyForDeploymentPostprocessing = 0;
		};
/* End PBXResourcesBuildPhase section */

/* Begin PBXSourcesBuildPhase section */
		3C11CB3E1C69B2A9004E5BDA /* Sources */ = {
			isa = PBXSourcesBuildPhase;
			buildActionMask = 2147483647;
			files = (
				3C6AD50E1C6B04E900E56697 /* UIView+GZYExtension.m in Sources */,
				3C6AD50B1C6B04E900E56697 /* GZYNewViewController.m in Sources */,
				3C6AD50F1C6B04E900E56697 /* GZYTabBarController.m in Sources */,
				3C6AD50A1C6B04E900E56697 /* GZYMeViewController.m in Sources */,
				3C6AD5081C6B04E900E56697 /* GZYEssenceViewController.m in Sources */,
				3C6AD50D1C6B04E900E56697 /* UIBarButtonItem+GZYExtension.m in Sources */,
				3C6AD5111C6B04E900E56697 /* GZYTabBar.m in Sources */,
				3C6AD5091C6B04E900E56697 /* GZYFriendTrendsViewController.m in Sources */,
				3C6AD5101C6B04E900E56697 /* main.m in Sources */,
				3C6AD50C1C6B04E900E56697 /* AppDelegate.m in Sources */,
			);
			runOnlyForDeploymentPostprocessing = 0;
		};
		3C11CB571C69B2A9004E5BDA /* Sources */ = {
			isa = PBXSourcesBuildPhase;
			buildActionMask = 2147483647;
			files = (
				3C11CB601C69B2A9004E5BDA /* _____Tests.m in Sources */,
			);
			runOnlyForDeploymentPostprocessing = 0;
		};
		3C11CB621C69B2A9004E5BDA /* Sources */ = {
			isa = PBXSourcesBuildPhase;
			buildActionMask = 2147483647;
			files = (
				3C11CB6B1C69B2A9004E5BDA /* _____UITests.m in Sources */,
			);
			runOnlyForDeploymentPostprocessing = 0;
		};
/* End PBXSourcesBuildPhase section */

/* Begin PBXTargetDependency section */
		3C11CB5D1C69B2A9004E5BDA /* PBXTargetDependency */ = {
			isa = PBXTargetDependency;
			target = 3C11CB411C69B2A9004E5BDA /* 山寨百思姐 */;
			targetProxy = 3C11CB5C1C69B2A9004E5BDA /* PBXContainerItemProxy */;
		};
		3C11CB681C69B2A9004E5BDA /* PBXTargetDependency */ = {
			isa = PBXTargetDependency;
			target = 3C11CB411C69B2A9004E5BDA /* 山寨百思姐 */;
			targetProxy = 3C11CB671C69B2A9004E5BDA /* PBXContainerItemProxy */;
		};
/* End PBXTargetDependency section */

/* Begin XCBuildConfiguration section */
		3C11CB6D1C69B2A9004E5BDA /* Debug */ = {
			isa = XCBuildConfiguration;
			buildSettings = {
				ALWAYS_SEARCH_USER_PATHS = NO;
				CLANG_CXX_LANGUAGE_STANDARD = "gnu++0x";
				CLANG_CXX_LIBRARY = "libc++";
				CLANG_ENABLE_MODULES = YES;
				CLANG_ENABLE_OBJC_ARC = YES;
				CLANG_WARN_BOOL_CONVERSION = YES;
				CLANG_WARN_CONSTANT_CONVERSION = YES;
				CLANG_WARN_DIRECT_OBJC_ISA_USAGE = YES_ERROR;
				CLANG_WARN_EMPTY_BODY = YES;
				CLANG_WARN_ENUM_CONVERSION = YES;
				CLANG_WARN_INT_CONVERSION = YES;
				CLANG_WARN_OBJC_ROOT_CLASS = YES_ERROR;
				CLANG_WARN_UNREACHABLE_CODE = YES;
				CLANG_WARN__DUPLICATE_METHOD_MATCH = YES;
				"CODE_SIGN_IDENTITY[sdk=iphoneos*]" = "iPhone Developer";
				COPY_PHASE_STRIP = NO;
				DEBUG_INFORMATION_FORMAT = dwarf;
				ENABLE_STRICT_OBJC_MSGSEND = YES;
				ENABLE_TESTABILITY = YES;
				GCC_C_LANGUAGE_STANDARD = gnu99;
				GCC_DYNAMIC_NO_PIC = NO;
				GCC_NO_COMMON_BLOCKS = YES;
				GCC_OPTIMIZATION_LEVEL = 0;
				GCC_PREPROCESSOR_DEFINITIONS = (
					"DEBUG=1",
					"$(inherited)",
				);
				GCC_WARN_64_TO_32_BIT_CONVERSION = YES;
				GCC_WARN_ABOUT_RETURN_TYPE = YES_ERROR;
				GCC_WARN_UNDECLARED_SELECTOR = YES;
				GCC_WARN_UNINITIALIZED_AUTOS = YES_AGGRESSIVE;
				GCC_WARN_UNUSED_FUNCTION = YES;
				GCC_WARN_UNUSED_VARIABLE = YES;
				IPHONEOS_DEPLOYMENT_TARGET = 9.2;
				MTL_ENABLE_DEBUG_INFO = YES;
				ONLY_ACTIVE_ARCH = YES;
				SDKROOT = iphoneos;
				TARGETED_DEVICE_FAMILY = "1,2";
			};
			name = Debug;
		};
		3C11CB6E1C69B2A9004E5BDA /* Release */ = {
			isa = XCBuildConfiguration;
			buildSettings = {
				ALWAYS_SEARCH_USER_PATHS = NO;
				CLANG_CXX_LANGUAGE_STANDARD = "gnu++0x";
				CLANG_CXX_LIBRARY = "libc++";
				CLANG_ENABLE_MODULES = YES;
				CLANG_ENABLE_OBJC_ARC = YES;
				CLANG_WARN_BOOL_CONVERSION = YES;
				CLANG_WARN_CONSTANT_CONVERSION = YES;
				CLANG_WARN_DIRECT_OBJC_ISA_USAGE = YES_ERROR;
				CLANG_WARN_EMPTY_BODY = YES;
				CLANG_WARN_ENUM_CONVERSION = YES;
				CLANG_WARN_INT_CONVERSION = YES;
				CLANG_WARN_OBJC_ROOT_CLASS = YES_ERROR;
				CLANG_WARN_UNREACHABLE_CODE = YES;
				CLANG_WARN__DUPLICATE_METHOD_MATCH = YES;
				"CODE_SIGN_IDENTITY[sdk=iphoneos*]" = "iPhone Developer";
				COPY_PHASE_STRIP = NO;
				DEBUG_INFORMATION_FORMAT = "dwarf-with-dsym";
				ENABLE_NS_ASSERTIONS = NO;
				ENABLE_STRICT_OBJC_MSGSEND = YES;
				GCC_C_LANGUAGE_STANDARD = gnu99;
				GCC_NO_COMMON_BLOCKS = YES;
				GCC_WARN_64_TO_32_BIT_CONVERSION = YES;
				GCC_WARN_ABOUT_RETURN_TYPE = YES_ERROR;
				GCC_WARN_UNDECLARED_SELECTOR = YES;
				GCC_WARN_UNINITIALIZED_AUTOS = YES_AGGRESSIVE;
				GCC_WARN_UNUSED_FUNCTION = YES;
				GCC_WARN_UNUSED_VARIABLE = YES;
				IPHONEOS_DEPLOYMENT_TARGET = 9.2;
				MTL_ENABLE_DEBUG_INFO = NO;
				SDKROOT = iphoneos;
				TARGETED_DEVICE_FAMILY = "1,2";
				VALIDATE_PRODUCT = YES;
			};
			name = Release;
		};
		3C11CB701C69B2A9004E5BDA /* Debug */ = {
			isa = XCBuildConfiguration;
			buildSettings = {
				ASSETCATALOG_COMPILER_APPICON_NAME = AppIcon;
				ASSETCATALOG_COMPILER_LAUNCHIMAGE_NAME = "Brand Assets";
				GCC_PREFIX_HEADER = "山寨百思姐/Classes/Other/PrefixHeader.pch";
				INFOPLIST_FILE = "山寨百思姐/Info.plist";
				LD_RUNPATH_SEARCH_PATHS = "$(inherited) @executable_path/Frameworks";
				PRODUCT_BUNDLE_IDENTIFIER = "moonhome.-----";
				PRODUCT_NAME = "$(TARGET_NAME)";
			};
			name = Debug;
		};
		3C11CB711C69B2A9004E5BDA /* Release */ = {
			isa = XCBuildConfiguration;
			buildSettings = {
				ASSETCATALOG_COMPILER_APPICON_NAME = AppIcon;
				ASSETCATALOG_COMPILER_LAUNCHIMAGE_NAME = "Brand Assets";
				GCC_PREFIX_HEADER = "山寨百思姐/Classes/Other/PrefixHeader.pch";
				INFOPLIST_FILE = "山寨百思姐/Info.plist";
				LD_RUNPATH_SEARCH_PATHS = "$(inherited) @executable_path/Frameworks";
				PRODUCT_BUNDLE_IDENTIFIER = "moonhome.-----";
				PRODUCT_NAME = "$(TARGET_NAME)";
			};
			name = Release;
		};
		3C11CB731C69B2A9004E5BDA /* Debug */ = {
			isa = XCBuildConfiguration;
			buildSettings = {
				BUNDLE_LOADER = "$(TEST_HOST)";
				INFOPLIST_FILE = "山寨百思姐Tests/Info.plist";
				LD_RUNPATH_SEARCH_PATHS = "$(inherited) @executable_path/Frameworks @loader_path/Frameworks";
				PRODUCT_BUNDLE_IDENTIFIER = "moonhome.-----Tests";
				PRODUCT_NAME = "$(TARGET_NAME)";
				TEST_HOST = "$(BUILT_PRODUCTS_DIR)/山寨百思姐.app/山寨百思姐";
			};
			name = Debug;
		};
		3C11CB741C69B2A9004E5BDA /* Release */ = {
			isa = XCBuildConfiguration;
			buildSettings = {
				BUNDLE_LOADER = "$(TEST_HOST)";
				INFOPLIST_FILE = "山寨百思姐Tests/Info.plist";
				LD_RUNPATH_SEARCH_PATHS = "$(inherited) @executable_path/Frameworks @loader_path/Frameworks";
				PRODUCT_BUNDLE_IDENTIFIER = "moonhome.-----Tests";
				PRODUCT_NAME = "$(TARGET_NAME)";
				TEST_HOST = "$(BUILT_PRODUCTS_DIR)/山寨百思姐.app/山寨百思姐";
			};
			name = Release;
		};
		3C11CB761C69B2A9004E5BDA /* Debug */ = {
			isa = XCBuildConfiguration;
			buildSettings = {
				INFOPLIST_FILE = "山寨百思姐UITests/Info.plist";
				LD_RUNPATH_SEARCH_PATHS = "$(inherited) @executable_path/Frameworks @loader_path/Frameworks";
				PRODUCT_BUNDLE_IDENTIFIER = "moonhome.-----UITests";
				PRODUCT_NAME = "$(TARGET_NAME)";
				TEST_TARGET_NAME = "山寨百思姐";
				USES_XCTRUNNER = YES;
			};
			name = Debug;
		};
		3C11CB771C69B2A9004E5BDA /* Release */ = {
			isa = XCBuildConfiguration;
			buildSettings = {
				INFOPLIST_FILE = "山寨百思姐UITests/Info.plist";
				LD_RUNPATH_SEARCH_PATHS = "$(inherited) @executable_path/Frameworks @loader_path/Frameworks";
				PRODUCT_BUNDLE_IDENTIFIER = "moonhome.-----UITests";
				PRODUCT_NAME = "$(TARGET_NAME)";
				TEST_TARGET_NAME = "山寨百思姐";
				USES_XCTRUNNER = YES;
			};
			name = Release;
		};
/* End XCBuildConfiguration section */

/* Begin XCConfigurationList section */
		3C11CB3D1C69B2A9004E5BDA /* Build configuration list for PBXProject "山寨百思姐" */ = {
			isa = XCConfigurationList;
			buildConfigurations = (
				3C11CB6D1C69B2A9004E5BDA /* Debug */,
				3C11CB6E1C69B2A9004E5BDA /* Release */,
			);
			defaultConfigurationIsVisible = 0;
			defaultConfigurationName = Release;
		};
		3C11CB6F1C69B2A9004E5BDA /* Build configuration list for PBXNativeTarget "山寨百思姐" */ = {
			isa = XCConfigurationList;
			buildConfigurations = (
				3C11CB701C69B2A9004E5BDA /* Debug */,
				3C11CB711C69B2A9004E5BDA /* Release */,
			);
			defaultConfigurationIsVisible = 0;
			defaultConfigurationName = Release;
		};
		3C11CB721C69B2A9004E5BDA /* Build configuration list for PBXNativeTarget "山寨百思姐Tests" */ = {
			isa = XCConfigurationList;
			buildConfigurations = (
				3C11CB731C69B2A9004E5BDA /* Debug */,
				3C11CB741C69B2A9004E5BDA /* Release */,
			);
			defaultConfigurationIsVisible = 0;
			defaultConfigurationName = Release;
		};
		3C11CB751C69B2A9004E5BDA /* Build configuration list for PBXNativeTarget "山寨百思姐UITests" */ = {
			isa = XCConfigurationList;
			buildConfigurations = (
				3C11CB761C69B2A9004E5BDA /* Debug */,
				3C11CB771C69B2A9004E5BDA /* Release */,
			);
			defaultConfigurationIsVisible = 0;
			defaultConfigurationName = Release;
		};
/* End XCConfigurationList section */
	};
	rootObject = 3C11CB3A1C69B2A9004E5BDA /* Project object */;
}
